
Microsoft Visual Studio Solution File, Format Version 12.00
# Visual Studio Version 17
VisualStudioVersion = 17.13.35913.81 d17.13
MinimumVisualStudioVersion = 10.0.40219.1
Project("{FAE04EC0-301F-11D3-BF4B-00C04F79EFBC}") = "Lab12", "Lab12\Lab12.csproj", "{262D68BD-7A4F-4ACE-BC46-413736023365}"
EndProject
Global
	GlobalSection(SolutionConfigurationPlatforms) = preSolution
		Debug|Any CPU = Debug|Any CPU
		Release|Any CPU = Release|Any CPU
	EndGlobalSection
	GlobalSection(ProjectConfigurationPlatforms) = postSolution
		{262D68BD-7A4F-4ACE-BC46-413736023365}.Debug|Any CPU.ActiveCfg = Debug|Any CPU
		{262D68BD-7A4F-4ACE-BC46-413736023365}.Debug|Any CPU.Build.0 = Debug|Any CPU
		{262D68BD-7A4F-4ACE-BC46-413736023365}.Release|Any CPU.ActiveCfg = Release|Any CPU
		{262D68BD-7A4F-4ACE-BC46-413736023365}.Release|Any CPU.Build.0 = Release|Any CPU
	EndGlobalSection
	GlobalSection(SolutionProperties) = preSolution
		HideSolutionNode = FALSE
	EndGlobalSection
	GlobalSection(ExtensibilityGlobals) = postSolution
		SolutionGuid = {A761F8AA-9036-4CFD-8710-8FABF30FF489}
	EndGlobalSection
EndGlobal
