
Microsoft Visual Studio Solution File, Format Version 12.00
# Visual Studio Version 16
VisualStudioVersion = 16.0.35706.149
MinimumVisualStudioVersion = 10.0.40219.1
Project("{FAE04EC0-301F-11D3-BF4B-00C04F79EFBC}") = "Lab 01 (Hashir)", "Lab 01 (Hashir)\Lab 01 (Hashir).csproj", "{A628C659-CB0F-4F38-85A0-97ECD627A5FA}"
EndProject
Global
	GlobalSection(SolutionConfigurationPlatforms) = preSolution
		Debug|Any CPU = Debug|Any CPU
		Release|Any CPU = Release|Any CPU
	EndGlobalSection
	GlobalSection(ProjectConfigurationPlatforms) = postSolution
		{A628C659-CB0F-4F38-85A0-97ECD627A5FA}.Debug|Any CPU.ActiveCfg = Debug|Any CPU
		{A628C659-CB0F-4F38-85A0-97ECD627A5FA}.Debug|Any CPU.Build.0 = Debug|Any CPU
		{A628C659-CB0F-4F38-85A0-97ECD627A5FA}.Release|Any CPU.ActiveCfg = Release|Any CPU
		{A628C659-CB0F-4F38-85A0-97ECD627A5FA}.Release|Any CPU.Build.0 = Release|Any CPU
	EndGlobalSection
	GlobalSection(SolutionProperties) = preSolution
		HideSolutionNode = FALSE
	EndGlobalSection
	GlobalSection(ExtensibilityGlobals) = postSolution
		SolutionGuid = {350A23BA-3235-4F83-8761-9CE4CA909B24}
	EndGlobalSection
EndGlobal
