
Microsoft Visual Studio Solution File, Format Version 12.00
# Visual Studio Version 16
VisualStudioVersion = 16.0.35731.53
MinimumVisualStudioVersion = 10.0.40219.1
Project("{FAE04EC0-301F-11D3-BF4B-00C04F79EFBC}") = "Lab04", "Lab04\Lab04.csproj", "{C28548A1-6AD0-4EC1-8C82-D662242CD368}"
EndProject
Global
	GlobalSection(SolutionConfigurationPlatforms) = preSolution
		Debug|Any CPU = Debug|Any CPU
		Release|Any CPU = Release|Any CPU
	EndGlobalSection
	GlobalSection(ProjectConfigurationPlatforms) = postSolution
		{C28548A1-6AD0-4EC1-8C82-D662242CD368}.Debug|Any CPU.ActiveCfg = Debug|Any CPU
		{C28548A1-6AD0-4EC1-8C82-D662242CD368}.Debug|Any CPU.Build.0 = Debug|Any CPU
		{C28548A1-6AD0-4EC1-8C82-D662242CD368}.Release|Any CPU.ActiveCfg = Release|Any CPU
		{C28548A1-6AD0-4EC1-8C82-D662242CD368}.Release|Any CPU.Build.0 = Release|Any CPU
	EndGlobalSection
	GlobalSection(SolutionProperties) = preSolution
		HideSolutionNode = FALSE
	EndGlobalSection
	GlobalSection(ExtensibilityGlobals) = postSolution
		SolutionGuid = {15938BC4-D0CC-41D6-B22C-44C475A659A4}
	EndGlobalSection
EndGlobal
